
Microsoft Visual Studio Solution File, Format Version 12.00
# Visual Studio 15
VisualStudioVersion = 15.0.27130.2027
MinimumVisualStudioVersion = 10.0.40219.1
Project("{8BC9CEB8-8B4A-11D0-8D11-00A0C91BC942}") = "lab2_zad2", "lab2_zad2\lab2_zad2.vcxproj", "{4D8D9689-C0E6-498A-A8D0-8F623C8CC8F0}"
EndProject
Global
	GlobalSection(SolutionConfigurationPlatforms) = preSolution
		Debug|x64 = Debug|x64
		Debug|x86 = Debug|x86
		Release|x64 = Release|x64
		Release|x86 = Release|x86
	EndGlobalSection
	GlobalSection(ProjectConfigurationPlatforms) = postSolution
		{4D8D9689-C0E6-498A-A8D0-8F623C8CC8F0}.Debug|x64.ActiveCfg = Debug|x64
		{4D8D9689-C0E6-498A-A8D0-8F623C8CC8F0}.Debug|x64.Build.0 = Debug|x64
		{4D8D9689-C0E6-498A-A8D0-8F623C8CC8F0}.Debug|x86.ActiveCfg = Debug|Win32
		{4D8D9689-C0E6-498A-A8D0-8F623C8CC8F0}.Debug|x86.Build.0 = Debug|Win32
		{4D8D9689-C0E6-498A-A8D0-8F623C8CC8F0}.Release|x64.ActiveCfg = Release|x64
		{4D8D9689-C0E6-498A-A8D0-8F623C8CC8F0}.Release|x64.Build.0 = Release|x64
		{4D8D9689-C0E6-498A-A8D0-8F623C8CC8F0}.Release|x86.ActiveCfg = Release|Win32
		{4D8D9689-C0E6-498A-A8D0-8F623C8CC8F0}.Release|x86.Build.0 = Release|Win32
	EndGlobalSection
	GlobalSection(SolutionProperties) = preSolution
		HideSolutionNode = FALSE
	EndGlobalSection
	GlobalSection(ExtensibilityGlobals) = postSolution
		SolutionGuid = {DA11245A-4CBC-4639-9227-76797B0B1E15}
	EndGlobalSection
EndGlobal
