
Microsoft Visual Studio Solution File, Format Version 12.00
# Visual Studio 15
VisualStudioVersion = 15.0.27130.2027
MinimumVisualStudioVersion = 10.0.40219.1
Project("{8BC9CEB8-8B4A-11D0-8D11-00A0C91BC942}") = "lab5", "lab5\lab5.vcxproj", "{B827FC69-BA23-4B6A-883B-E9338D54BB99}"
EndProject
Global
	GlobalSection(SolutionConfigurationPlatforms) = preSolution
		Debug|x64 = Debug|x64
		Debug|x86 = Debug|x86
		Release|x64 = Release|x64
		Release|x86 = Release|x86
	EndGlobalSection
	GlobalSection(ProjectConfigurationPlatforms) = postSolution
		{B827FC69-BA23-4B6A-883B-E9338D54BB99}.Debug|x64.ActiveCfg = Debug|x64
		{B827FC69-BA23-4B6A-883B-E9338D54BB99}.Debug|x64.Build.0 = Debug|x64
		{B827FC69-BA23-4B6A-883B-E9338D54BB99}.Debug|x86.ActiveCfg = Debug|Win32
		{B827FC69-BA23-4B6A-883B-E9338D54BB99}.Debug|x86.Build.0 = Debug|Win32
		{B827FC69-BA23-4B6A-883B-E9338D54BB99}.Release|x64.ActiveCfg = Release|x64
		{B827FC69-BA23-4B6A-883B-E9338D54BB99}.Release|x64.Build.0 = Release|x64
		{B827FC69-BA23-4B6A-883B-E9338D54BB99}.Release|x86.ActiveCfg = Release|Win32
		{B827FC69-BA23-4B6A-883B-E9338D54BB99}.Release|x86.Build.0 = Release|Win32
	EndGlobalSection
	GlobalSection(SolutionProperties) = preSolution
		HideSolutionNode = FALSE
	EndGlobalSection
	GlobalSection(ExtensibilityGlobals) = postSolution
		SolutionGuid = {05990DF9-D464-4CC1-AB03-5FBF898A78AB}
	EndGlobalSection
EndGlobal
