
Microsoft Visual Studio Solution File, Format Version 12.00
# Visual Studio 15
VisualStudioVersion = 15.0.27130.2027
MinimumVisualStudioVersion = 10.0.40219.1
Project("{8BC9CEB8-8B4A-11D0-8D11-00A0C91BC942}") = "lab7", "lab7\lab7.vcxproj", "{361AC83B-6D98-4787-BD68-59D1EA6F5697}"
EndProject
Global
	GlobalSection(SolutionConfigurationPlatforms) = preSolution
		Debug|x64 = Debug|x64
		Debug|x86 = Debug|x86
		Release|x64 = Release|x64
		Release|x86 = Release|x86
	EndGlobalSection
	GlobalSection(ProjectConfigurationPlatforms) = postSolution
		{361AC83B-6D98-4787-BD68-59D1EA6F5697}.Debug|x64.ActiveCfg = Debug|x64
		{361AC83B-6D98-4787-BD68-59D1EA6F5697}.Debug|x64.Build.0 = Debug|x64
		{361AC83B-6D98-4787-BD68-59D1EA6F5697}.Debug|x86.ActiveCfg = Debug|Win32
		{361AC83B-6D98-4787-BD68-59D1EA6F5697}.Debug|x86.Build.0 = Debug|Win32
		{361AC83B-6D98-4787-BD68-59D1EA6F5697}.Release|x64.ActiveCfg = Release|x64
		{361AC83B-6D98-4787-BD68-59D1EA6F5697}.Release|x64.Build.0 = Release|x64
		{361AC83B-6D98-4787-BD68-59D1EA6F5697}.Release|x86.ActiveCfg = Release|Win32
		{361AC83B-6D98-4787-BD68-59D1EA6F5697}.Release|x86.Build.0 = Release|Win32
	EndGlobalSection
	GlobalSection(SolutionProperties) = preSolution
		HideSolutionNode = FALSE
	EndGlobalSection
	GlobalSection(ExtensibilityGlobals) = postSolution
		SolutionGuid = {487932C6-A0A1-4A83-9DE5-804A92476162}
	EndGlobalSection
EndGlobal
